// !$*UTF8*$!
{
	archiveVersion = 1;
	classes = {
	};
	objectVersion = 46;
	objects = {

/* Begin PBXBuildFile section */
		8B16BC711D61CEFB00727145 /* AppDelegate.swift in Sources */ = {isa = PBXBuildFile; fileRef = 8B16BC701D61CEFB00727145 /* AppDelegate.swift */; };
		8B16BC731D61CEFB00727145 /* ViewController.swift in Sources */ = {isa = PBXBuildFile; fileRef = 8B16BC721D61CEFB00727145 /* ViewController.swift */; };
		8B16BC761D61CEFB00727145 /* Main.storyboard in Resources */ = {isa = PBXBuildFile; fileRef = 8B16BC741D61CEFB00727145 /* Main.storyboard */; };
		8B16BC781D61CEFB00727145 /* Assets.xcassets in Resources */ = {isa = PBXBuildFile; fileRef = 8B16BC771D61CEFB00727145 /* Assets.xcassets */; };
		8B16BC7B1D61CEFB00727145 /* LaunchScreen.storyboard in Resources */ = {isa = PBXBuildFile; fileRef = 8B16BC791D61CEFB00727145 /* LaunchScreen.storyboard */; };
		8B16BC861D61CEFB00727145 /* Pitch_PerfectTests.swift in Sources */ = {isa = PBXBuildFile; fileRef = 8B16BC851D61CEFB00727145 /* Pitch_PerfectTests.swift */; };
		8B16BC911D61CEFB00727145 /* Pitch_PerfectUITests.swift in Sources */ = {isa = PBXBuildFile; fileRef = 8B16BC901D61CEFB00727145 /* Pitch_PerfectUITests.swift */; };
/* End PBXBuildFile section */

/* Begin PBXContainerItemProxy section */
		8B16BC821D61CEFB00727145 /* PBXContainerItemProxy */ = {
			isa = PBXContainerItemProxy;
			containerPortal = 8B16BC651D61CEFB00727145 /* Project object */;
			proxyType = 1;
			remoteGlobalIDString = 8B16BC6C1D61CEFB00727145;
			remoteInfo = "Pitch Perfect";
		};
		8B16BC8D1D61CEFB00727145 /* PBXContainerItemProxy */ = {
			isa = PBXContainerItemProxy;
			containerPortal = 8B16BC651D61CEFB00727145 /* Project object */;
			proxyType = 1;
			remoteGlobalIDString = 8B16BC6C1D61CEFB00727145;
			remoteInfo = "Pitch Perfect";
		};
/* End PBXContainerItemProxy section */

/* Begin PBXFileReference section */
		8B16BC6D1D61CEFB00727145 /* Pitch Perfect.app */ = {isa = PBXFileReference; explicitFileType = wrapper.application; includeInIndex = 0; path = "Pitch Perfect.app"; sourceTree = BUILT_PRODUCTS_DIR; };
		8B16BC701D61CEFB00727145 /* AppDelegate.swift */ = {isa = PBXFileReference; lastKnownFileType = sourcecode.swift; path = AppDelegate.swift; sourceTree = "<group>"; };
		8B16BC721D61CEFB00727145 /* ViewController.swift */ = {isa = PBXFileReference; lastKnownFileType = sourcecode.swift; path = ViewController.swift; sourceTree = "<group>"; };
		8B16BC751D61CEFB00727145 /* Base */ = {isa = PBXFileReference; lastKnownFileType = file.storyboard; name = Base; path = Base.lproj/Main.storyboard; sourceTree = "<group>"; };
		8B16BC771D61CEFB00727145 /* Assets.xcassets */ = {isa = PBXFileReference; lastKnownFileType = folder.assetcatalog; path = Assets.xcassets; sourceTree = "<group>"; };
		8B16BC7A1D61CEFB00727145 /* Base */ = {isa = PBXFileReference; lastKnownFileType = file.storyboard; name = Base; path = Base.lproj/LaunchScreen.storyboard; sourceTree = "<group>"; };
		8B16BC7C1D61CEFB00727145 /* Info.plist */ = {isa = PBXFileReference; lastKnownFileType = text.plist.xml; path = Info.plist; sourceTree = "<group>"; };
		8B16BC811D61CEFB00727145 /* Pitch PerfectTests.xctest */ = {isa = PBXFileReference; explicitFileType = wrapper.cfbundle; includeInIndex = 0; path = "Pitch PerfectTests.xctest"; sourceTree = BUILT_PRODUCTS_DIR; };
		8B16BC851D61CEFB00727145 /* Pitch_PerfectTests.swift */ = {isa = PBXFileReference; lastKnownFileType = sourcecode.swift; path = Pitch_PerfectTests.swift; sourceTree = "<group>"; };
		8B16BC871D61CEFB00727145 /* Info.plist */ = {isa = PBXFileReference; lastKnownFileType = text.plist.xml; path = Info.plist; sourceTree = "<group>"; };
		8B16BC8C1D61CEFB00727145 /* Pitch PerfectUITests.xctest */ = {isa = PBXFileReference; explicitFileType = wrapper.cfbundle; includeInIndex = 0; path = "Pitch PerfectUITests.xctest"; sourceTree = BUILT_PRODUCTS_DIR; };
		8B16BC901D61CEFB00727145 /* Pitch_PerfectUITests.swift */ = {isa = PBXFileReference; lastKnownFileType = sourcecode.swift; path = Pitch_PerfectUITests.swift; sourceTree = "<group>"; };
		8B16BC921D61CEFB00727145 /* Info.plist */ = {isa = PBXFileReference; lastKnownFileType = text.plist.xml; path = Info.plist; sourceTree = "<group>"; };
/* End PBXFileReference section */

/* Begin PBXFrameworksBuildPhase section */
		8B16BC6A1D61CEFB00727145 /* Frameworks */ = {
			isa = PBXFrameworksBuildPhase;
			buildActionMask = 2147483647;
			files = (
			);
			runOnlyForDeploymentPostprocessing = 0;
		};
		8B16BC7E1D61CEFB00727145 /* Frameworks */ = {
			isa = PBXFrameworksBuildPhase;
			buildActionMask = 2147483647;
			files = (
			);
			runOnlyForDeploymentPostprocessing = 0;
		};
		8B16BC891D61CEFB00727145 /* Frameworks */ = {
			isa = PBXFrameworksBuildPhase;
			buildActionMask = 2147483647;
			files = (
			);
			runOnlyForDeploymentPostprocessing = 0;
		};
/* End PBXFrameworksBuildPhase section */

/* Begin PBXGroup section */
		8B16BC641D61CEFB00727145 = {
			isa = PBXGroup;
			children = (
				8B16BC6F1D61CEFB00727145 /* Pitch Perfect */,
				8B16BC841D61CEFB00727145 /* Pitch PerfectTests */,
				8B16BC8F1D61CEFB00727145 /* Pitch PerfectUITests */,
				8B16BC6E1D61CEFB00727145 /* Products */,
			);
			sourceTree = "<group>";
		};
		8B16BC6E1D61CEFB00727145 /* Products */ = {
			isa = PBXGroup;
			children = (
				8B16BC6D1D61CEFB00727145 /* Pitch Perfect.app */,
				8B16BC811D61CEFB00727145 /* Pitch PerfectTests.xctest */,
				8B16BC8C1D61CEFB00727145 /* Pitch PerfectUITests.xctest */,
			);
			name = Products;
			sourceTree = "<group>";
		};
		8B16BC6F1D61CEFB00727145 /* Pitch Perfect */ = {
			isa = PBXGroup;
			children = (
				8B16BC701D61CEFB00727145 /* AppDelegate.swift */,
				8B16BC721D61CEFB00727145 /* ViewController.swift */,
				8B16BC741D61CEFB00727145 /* Main.storyboard */,
				8B16BC771D61CEFB00727145 /* Assets.xcassets */,
				8B16BC791D61CEFB00727145 /* LaunchScreen.storyboard */,
				8B16BC7C1D61CEFB00727145 /* Info.plist */,
			);
			path = "Pitch Perfect";
			sourceTree = "<group>";
		};
		8B16BC841D61CEFB00727145 /* Pitch PerfectTests */ = {
			isa = PBXGroup;
			children = (
				8B16BC851D61CEFB00727145 /* Pitch_PerfectTests.swift */,
				8B16BC871D61CEFB00727145 /* Info.plist */,
			);
			path = "Pitch PerfectTests";
			sourceTree = "<group>";
		};
		8B16BC8F1D61CEFB00727145 /* Pitch PerfectUITests */ = {
			isa = PBXGroup;
			children = (
				8B16BC901D61CEFB00727145 /* Pitch_PerfectUITests.swift */,
				8B16BC921D61CEFB00727145 /* Info.plist */,
			);
			path = "Pitch PerfectUITests";
			sourceTree = "<group>";
		};
/* End PBXGroup section */

/* Begin PBXNativeTarget section */
		8B16BC6C1D61CEFB00727145 /* Pitch Perfect */ = {
			isa = PBXNativeTarget;
			buildConfigurationList = 8B16BC951D61CEFB00727145 /* Build configuration list for PBXNativeTarget "Pitch Perfect" */;
			buildPhases = (
				8B16BC691D61CEFB00727145 /* Sources */,
				8B16BC6A1D61CEFB00727145 /* Frameworks */,
				8B16BC6B1D61CEFB00727145 /* Resources */,
			);
			buildRules = (
			);
			dependencies = (
			);
			name = "Pitch Perfect";
			productName = "Pitch Perfect";
			productReference = 8B16BC6D1D61CEFB00727145 /* Pitch Perfect.app */;
			productType = "com.apple.product-type.application";
		};
		8B16BC801D61CEFB00727145 /* Pitch PerfectTests */ = {
			isa = PBXNativeTarget;
			buildConfigurationList = 8B16BC981D61CEFB00727145 /* Build configuration list for PBXNativeTarget "Pitch PerfectTests" */;
			buildPhases = (
				8B16BC7D1D61CEFB00727145 /* Sources */,
				8B16BC7E1D61CEFB00727145 /* Frameworks */,
				8B16BC7F1D61CEFB00727145 /* Resources */,
			);
			buildRules = (
			);
			dependencies = (
				8B16BC831D61CEFB00727145 /* PBXTargetDependency */,
			);
			name = "Pitch PerfectTests";
			productName = "Pitch PerfectTests";
			productReference = 8B16BC811D61CEFB00727145 /* Pitch PerfectTests.xctest */;
			productType = "com.apple.product-type.bundle.unit-test";
		};
		8B16BC8B1D61CEFB00727145 /* Pitch PerfectUITests */ = {
			isa = PBXNativeTarget;
			buildConfigurationList = 8B16BC9B1D61CEFB00727145 /* Build configuration list for PBXNativeTarget "Pitch PerfectUITests" */;
			buildPhases = (
				8B16BC881D61CEFB00727145 /* Sources */,
				8B16BC891D61CEFB00727145 /* Frameworks */,
				8B16BC8A1D61CEFB00727145 /* Resources */,
			);
			buildRules = (
			);
			dependencies = (
				8B16BC8E1D61CEFB00727145 /* PBXTargetDependency */,
			);
			name = "Pitch PerfectUITests";
			productName = "Pitch PerfectUITests";
			productReference = 8B16BC8C1D61CEFB00727145 /* Pitch PerfectUITests.xctest */;
			productType = "com.apple.product-type.bundle.ui-testing";
		};
/* End PBXNativeTarget section */

/* Begin PBXProject section */
		8B16BC651D61CEFB00727145 /* Project object */ = {
			isa = PBXProject;
			attributes = {
				LastSwiftUpdateCheck = 0730;
				LastUpgradeCheck = 0730;
				ORGANIZATIONNAME = "Tom Scott";
				TargetAttributes = {
					8B16BC6C1D61CEFB00727145 = {
						CreatedOnToolsVersion = 7.3.1;
					};
					8B16BC801D61CEFB00727145 = {
						CreatedOnToolsVersion = 7.3.1;
						TestTargetID = 8B16BC6C1D61CEFB00727145;
					};
					8B16BC8B1D61CEFB00727145 = {
						CreatedOnToolsVersion = 7.3.1;
						TestTargetID = 8B16BC6C1D61CEFB00727145;
					};
				};
			};
			buildConfigurationList = 8B16BC681D61CEFB00727145 /* Build configuration list for PBXProject "Pitch Perfect" */;
			compatibilityVersion = "Xcode 3.2";
			developmentRegion = English;
			hasScannedForEncodings = 0;
			knownRegions = (
				en,
				Base,
			);
			mainGroup = 8B16BC641D61CEFB00727145;
			productRefGroup = 8B16BC6E1D61CEFB00727145 /* Products */;
			projectDirPath = "";
			projectRoot = "";
			targets = (
				8B16BC6C1D61CEFB00727145 /* Pitch Perfect */,
				8B16BC801D61CEFB00727145 /* Pitch PerfectTests */,
				8B16BC8B1D61CEFB00727145 /* Pitch PerfectUITests */,
			);
		};
/* End PBXProject section */

/* Begin PBXResourcesBuildPhase section */
		8B16BC6B1D61CEFB00727145 /* Resources */ = {
			isa = PBXResourcesBuildPhase;
			buildActionMask = 2147483647;
			files = (
				8B16BC7B1D61CEFB00727145 /* LaunchScreen.storyboard in Resources */,
				8B16BC781D61CEFB00727145 /* Assets.xcassets in Resources */,
				8B16BC761D61CEFB00727145 /* Main.storyboard in Resources */,
			);
			runOnlyForDeploymentPostprocessing = 0;
		};
		8B16BC7F1D61CEFB00727145 /* Resources */ = {
			isa = PBXResourcesBuildPhase;
			buildActionMask = 2147483647;
			files = (
			);
			runOnlyForDeploymentPostprocessing = 0;
		};
		8B16BC8A1D61CEFB00727145 /* Resources */ = {
			isa = PBXResourcesBuildPhase;
			buildActionMask = 2147483647;
			files = (
			);
			runOnlyForDeploymentPostprocessing = 0;
		};
/* End PBXResourcesBuildPhase section */

/* Begin PBXSourcesBuildPhase section */
		8B16BC691D61CEFB00727145 /* Sources */ = {
			isa = PBXSourcesBuildPhase;
			buildActionMask = 2147483647;
			files = (
				8B16BC731D61CEFB00727145 /* ViewController.swift in Sources */,
				8B16BC711D61CEFB00727145 /* AppDelegate.swift in Sources */,
			);
			runOnlyForDeploymentPostprocessing = 0;
		};
		8B16BC7D1D61CEFB00727145 /* Sources */ = {
			isa = PBXSourcesBuildPhase;
			buildActionMask = 2147483647;
			files = (
				8B16BC861D61CEFB00727145 /* Pitch_PerfectTests.swift in Sources */,
			);
			runOnlyForDeploymentPostprocessing = 0;
		};
		8B16BC881D61CEFB00727145 /* Sources */ = {
			isa = PBXSourcesBuildPhase;
			buildActionMask = 2147483647;
			files = (
				8B16BC911D61CEFB00727145 /* Pitch_PerfectUITests.swift in Sources */,
			);
			runOnlyForDeploymentPostprocessing = 0;
		};
/* End PBXSourcesBuildPhase section */

/* Begin PBXTargetDependency section */
		8B16BC831D61CEFB00727145 /* PBXTargetDependency */ = {
			isa = PBXTargetDependency;
			target = 8B16BC6C1D61CEFB00727145 /* Pitch Perfect */;
			targetProxy = 8B16BC821D61CEFB00727145 /* PBXContainerItemProxy */;
		};
		8B16BC8E1D61CEFB00727145 /* PBXTargetDependency */ = {
			isa = PBXTargetDependency;
			target = 8B16BC6C1D61CEFB00727145 /* Pitch Perfect */;
			targetProxy = 8B16BC8D1D61CEFB00727145 /* PBXContainerItemProxy */;
		};
/* End PBXTargetDependency section */

/* Begin PBXVariantGroup section */
		8B16BC741D61CEFB00727145 /* Main.storyboard */ = {
			isa = PBXVariantGroup;
			children = (
				8B16BC751D61CEFB00727145 /* Base */,
			);
			name = Main.storyboard;
			sourceTree = "<group>";
		};
		8B16BC791D61CEFB00727145 /* LaunchScreen.storyboard */ = {
			isa = PBXVariantGroup;
			children = (
				8B16BC7A1D61CEFB00727145 /* Base */,
			);
			name = LaunchScreen.storyboard;
			sourceTree = "<group>";
		};
/* End PBXVariantGroup section */

/* Begin XCBuildConfiguration section */
		8B16BC931D61CEFB00727145 /* Debug */ = {
			isa = XCBuildConfiguration;
			buildSettings = {
				ALWAYS_SEARCH_USER_PATHS = NO;
				CLANG_ANALYZER_NONNULL = YES;
				CLANG_CXX_LANGUAGE_STANDARD = "gnu++0x";
				CLANG_CXX_LIBRARY = "libc++";
				CLANG_ENABLE_MODULES = YES;
				CLANG_ENABLE_OBJC_ARC = YES;
				CLANG_WARN_BOOL_CONVERSION = YES;
				CLANG_WARN_CONSTANT_CONVERSION = YES;
				CLANG_WARN_DIRECT_OBJC_ISA_USAGE = YES_ERROR;
				CLANG_WARN_EMPTY_BODY = YES;
				CLANG_WARN_ENUM_CONVERSION = YES;
				CLANG_WARN_INT_CONVERSION = YES;
				CLANG_WARN_OBJC_ROOT_CLASS = YES_ERROR;
				CLANG_WARN_UNREACHABLE_CODE = YES;
				CLANG_WARN__DUPLICATE_METHOD_MATCH = YES;
				"CODE_SIGN_IDENTITY[sdk=iphoneos*]" = "iPhone Developer";
				COPY_PHASE_STRIP = NO;
				DEBUG_INFORMATION_FORMAT = dwarf;
				ENABLE_STRICT_OBJC_MSGSEND = YES;
				ENABLE_TESTABILITY = YES;
				GCC_C_LANGUAGE_STANDARD = gnu99;
				GCC_DYNAMIC_NO_PIC = NO;
				GCC_NO_COMMON_BLOCKS = YES;
				GCC_OPTIMIZATION_LEVEL = 0;
				GCC_PREPROCESSOR_DEFINITIONS = (
					"DEBUG=1",
					"$(inherited)",
				);
				GCC_WARN_64_TO_32_BIT_CONVERSION = YES;
				GCC_WARN_ABOUT_RETURN_TYPE = YES_ERROR;
				GCC_WARN_UNDECLARED_SELECTOR = YES;
				GCC_WARN_UNINITIALIZED_AUTOS = YES_AGGRESSIVE;
				GCC_WARN_UNUSED_FUNCTION = YES;
				GCC_WARN_UNUSED_VARIABLE = YES;
				IPHONEOS_DEPLOYMENT_TARGET = 9.3;
				MTL_ENABLE_DEBUG_INFO = YES;
				ONLY_ACTIVE_ARCH = YES;
				SDKROOT = iphoneos;
				SWIFT_OPTIMIZATION_LEVEL = "-Onone";
			};
			name = Debug;
		};
		8B16BC941D61CEFB00727145 /* Release */ = {
			isa = XCBuildConfiguration;
			buildSettings = {
				ALWAYS_SEARCH_USER_PATHS = NO;
				CLANG_ANALYZER_NONNULL = YES;
				CLANG_CXX_LANGUAGE_STANDARD = "gnu++0x";
				CLANG_CXX_LIBRARY = "libc++";
				CLANG_ENABLE_MODULES = YES;
				CLANG_ENABLE_OBJC_ARC = YES;
				CLANG_WARN_BOOL_CONVERSION = YES;
				CLANG_WARN_CONSTANT_CONVERSION = YES;
				CLANG_WARN_DIRECT_OBJC_ISA_USAGE = YES_ERROR;
				CLANG_WARN_EMPTY_BODY = YES;
				CLANG_WARN_ENUM_CONVERSION = YES;
				CLANG_WARN_INT_CONVERSION = YES;
				CLANG_WARN_OBJC_ROOT_CLASS = YES_ERROR;
				CLANG_WARN_UNREACHABLE_CODE = YES;
				CLANG_WARN__DUPLICATE_METHOD_MATCH = YES;
				"CODE_SIGN_IDENTITY[sdk=iphoneos*]" = "iPhone Developer";
				COPY_PHASE_STRIP = NO;
				DEBUG_INFORMATION_FORMAT = "dwarf-with-dsym";
				ENABLE_NS_ASSERTIONS = NO;
				ENABLE_STRICT_OBJC_MSGSEND = YES;
				GCC_C_LANGUAGE_STANDARD = gnu99;
				GCC_NO_COMMON_BLOCKS = YES;
				GCC_WARN_64_TO_32_BIT_CONVERSION = YES;
				GCC_WARN_ABOUT_RETURN_TYPE = YES_ERROR;
				GCC_WARN_UNDECLARED_SELECTOR = YES;
				GCC_WARN_UNINITIALIZED_AUTOS = YES_AGGRESSIVE;
				GCC_WARN_UNUSED_FUNCTION = YES;
				GCC_WARN_UNUSED_VARIABLE = YES;
				IPHONEOS_DEPLOYMENT_TARGET = 9.3;
				MTL_ENABLE_DEBUG_INFO = NO;
				SDKROOT = iphoneos;
				VALIDATE_PRODUCT = YES;
			};
			name = Release;
		};
		8B16BC961D61CEFB00727145 /* Debug */ = {
			isa = XCBuildConfiguration;
			buildSettings = {
				ASSETCATALOG_COMPILER_APPICON_NAME = AppIcon;
				INFOPLIST_FILE = "Pitch Perfect/Info.plist";
				LD_RUNPATH_SEARCH_PATHS = "$(inherited) @executable_path/Frameworks";
				PRODUCT_BUNDLE_IDENTIFIER = "TS.Pitch-Perfect";
				PRODUCT_NAME = "$(TARGET_NAME)";
			};
			name = Debug;
		};
		8B16BC971D61CEFB00727145 /* Release */ = {
			isa = XCBuildConfiguration;
			buildSettings = {
				ASSETCATALOG_COMPILER_APPICON_NAME = AppIcon;
				INFOPLIST_FILE = "Pitch Perfect/Info.plist";
				LD_RUNPATH_SEARCH_PATHS = "$(inherited) @executable_path/Frameworks";
				PRODUCT_BUNDLE_IDENTIFIER = "TS.Pitch-Perfect";
				PRODUCT_NAME = "$(TARGET_NAME)";
			};
			name = Release;
		};
		8B16BC991D61CEFB00727145 /* Debug */ = {
			isa = XCBuildConfiguration;
			buildSettings = {
				BUNDLE_LOADER = "$(TEST_HOST)";
				INFOPLIST_FILE = "Pitch PerfectTests/Info.plist";
				LD_RUNPATH_SEARCH_PATHS = "$(inherited) @executable_path/Frameworks @loader_path/Frameworks";
				PRODUCT_BUNDLE_IDENTIFIER = "TS.Pitch-PerfectTests";
				PRODUCT_NAME = "$(TARGET_NAME)";
				TEST_HOST = "$(BUILT_PRODUCTS_DIR)/Pitch Perfect.app/Pitch Perfect";
			};
			name = Debug;
		};
		8B16BC9A1D61CEFB00727145 /* Release */ = {
			isa = XCBuildConfiguration;
			buildSettings = {
				BUNDLE_LOADER = "$(TEST_HOST)";
				INFOPLIST_FILE = "Pitch PerfectTests/Info.plist";
				LD_RUNPATH_SEARCH_PATHS = "$(inherited) @executable_path/Frameworks @loader_path/Frameworks";
				PRODUCT_BUNDLE_IDENTIFIER = "TS.Pitch-PerfectTests";
				PRODUCT_NAME = "$(TARGET_NAME)";
				TEST_HOST = "$(BUILT_PRODUCTS_DIR)/Pitch Perfect.app/Pitch Perfect";
			};
			name = Release;
		};
		8B16BC9C1D61CEFB00727145 /* Debug */ = {
			isa = XCBuildConfiguration;
			buildSettings = {
				INFOPLIST_FILE = "Pitch PerfectUITests/Info.plist";
				LD_RUNPATH_SEARCH_PATHS = "$(inherited) @executable_path/Frameworks @loader_path/Frameworks";
				PRODUCT_BUNDLE_IDENTIFIER = "TS.Pitch-PerfectUITests";
				PRODUCT_NAME = "$(TARGET_NAME)";
				TEST_TARGET_NAME = "Pitch Perfect";
			};
			name = Debug;
		};
		8B16BC9D1D61CEFB00727145 /* Release */ = {
			isa = XCBuildConfiguration;
			buildSettings = {
				INFOPLIST_FILE = "Pitch PerfectUITests/Info.plist";
				LD_RUNPATH_SEARCH_PATHS = "$(inherited) @executable_path/Frameworks @loader_path/Frameworks";
				PRODUCT_BUNDLE_IDENTIFIER = "TS.Pitch-PerfectUITests";
				PRODUCT_NAME = "$(TARGET_NAME)";
				TEST_TARGET_NAME = "Pitch Perfect";
			};
			name = Release;
		};
/* End XCBuildConfiguration section */

/* Begin XCConfigurationList section */
		8B16BC681D61CEFB00727145 /* Build configuration list for PBXProject "Pitch Perfect" */ = {
			isa = XCConfigurationList;
			buildConfigurations = (
				8B16BC931D61CEFB00727145 /* Debug */,
				8B16BC941D61CEFB00727145 /* Release */,
			);
			defaultConfigurationIsVisible = 0;
			defaultConfigurationName = Release;
		};
		8B16BC951D61CEFB00727145 /* Build configuration list for PBXNativeTarget "Pitch Perfect" */ = {
			isa = XCConfigurationList;
			buildConfigurations = (
				8B16BC961D61CEFB00727145 /* Debug */,
				8B16BC971D61CEFB00727145 /* Release */,
			);
			defaultConfigurationIsVisible = 0;
		};
		8B16BC981D61CEFB00727145 /* Build configuration list for PBXNativeTarget "Pitch PerfectTests" */ = {
			isa = XCConfigurationList;
			buildConfigurations = (
				8B16BC991D61CEFB00727145 /* Debug */,
				8B16BC9A1D61CEFB00727145 /* Release */,
			);
			defaultConfigurationIsVisible = 0;
		};
		8B16BC9B1D61CEFB00727145 /* Build configuration list for PBXNativeTarget "Pitch PerfectUITests" */ = {
			isa = XCConfigurationList;
			buildConfigurations = (
				8B16BC9C1D61CEFB00727145 /* Debug */,
				8B16BC9D1D61CEFB00727145 /* Release */,
			);
			defaultConfigurationIsVisible = 0;
		};
/* End XCConfigurationList section */
	};
	rootObject = 8B16BC651D61CEFB00727145 /* Project object */;
}
